
Microsoft Visual Studio Solution File, Format Version 12.00
# Visual Studio Version 17
VisualStudioVersion = 17.5.33627.172
MinimumVisualStudioVersion = 10.0.40219.1
Project("{FAE04EC0-301F-11D3-BF4B-00C04F79EFBC}") = "CompetitionTask1", "CompetitionTask1\CompetitionTask1.csproj", "{FEB346C9-F478-4AF2-9E8F-EA01BECD8745}"
EndProject
Global
	GlobalSection(SolutionConfigurationPlatforms) = preSolution
		Debug|Any CPU = Debug|Any CPU
		Release|Any CPU = Release|Any CPU
	EndGlobalSection
	GlobalSection(ProjectConfigurationPlatforms) = postSolution
		{FEB346C9-F478-4AF2-9E8F-EA01BECD8745}.Debug|Any CPU.ActiveCfg = Debug|Any CPU
		{FEB346C9-F478-4AF2-9E8F-EA01BECD8745}.Debug|Any CPU.Build.0 = Debug|Any CPU
		{FEB346C9-F478-4AF2-9E8F-EA01BECD8745}.Release|Any CPU.ActiveCfg = Release|Any CPU
		{FEB346C9-F478-4AF2-9E8F-EA01BECD8745}.Release|Any CPU.Build.0 = Release|Any CPU
	EndGlobalSection
	GlobalSection(SolutionProperties) = preSolution
		HideSolutionNode = FALSE
	EndGlobalSection
	GlobalSection(ExtensibilityGlobals) = postSolution
		SolutionGuid = {CD74E9AF-B40A-4FC3-9864-D7B60B23A553}
	EndGlobalSection
EndGlobal
